
Microsoft Visual Studio Solution File, Format Version 12.00
# Visual Studio Version 17
VisualStudioVersion = 17.11.35219.272
MinimumVisualStudioVersion = 10.0.40219.1
Project("{9A19103F-16F7-4668-BE54-9A1E7A4F7556}") = "Lox", "Lox\Lox.csproj", "{3862B003-91F4-4848-AC80-334001B814F1}"
EndProject
Project("{9A19103F-16F7-4668-BE54-9A1E7A4F7556}") = "AST", "AST\AST.csproj", "{47A5C70B-08FF-4F7D-914D-18368565217D}"
EndProject
Project("{FAE04EC0-301F-11D3-BF4B-00C04F79EFBC}") = "AstPrinterTest", "AstPrinterTest\AstPrinterTest.csproj", "{37CE6DAA-18F6-411D-8F34-383ABA6F632F}"
EndProject
Global
	GlobalSection(SolutionConfigurationPlatforms) = preSolution
		Debug|Any CPU = Debug|Any CPU
		Release|Any CPU = Release|Any CPU
	EndGlobalSection
	GlobalSection(ProjectConfigurationPlatforms) = postSolution
		{3862B003-91F4-4848-AC80-334001B814F1}.Debug|Any CPU.ActiveCfg = Debug|Any CPU
		{3862B003-91F4-4848-AC80-334001B814F1}.Debug|Any CPU.Build.0 = Debug|Any CPU
		{3862B003-91F4-4848-AC80-334001B814F1}.Release|Any CPU.ActiveCfg = Release|Any CPU
		{3862B003-91F4-4848-AC80-334001B814F1}.Release|Any CPU.Build.0 = Release|Any CPU
		{47A5C70B-08FF-4F7D-914D-18368565217D}.Debug|Any CPU.ActiveCfg = Debug|Any CPU
		{47A5C70B-08FF-4F7D-914D-18368565217D}.Debug|Any CPU.Build.0 = Debug|Any CPU
		{47A5C70B-08FF-4F7D-914D-18368565217D}.Release|Any CPU.ActiveCfg = Release|Any CPU
		{47A5C70B-08FF-4F7D-914D-18368565217D}.Release|Any CPU.Build.0 = Release|Any CPU
		{37CE6DAA-18F6-411D-8F34-383ABA6F632F}.Debug|Any CPU.ActiveCfg = Debug|Any CPU
		{37CE6DAA-18F6-411D-8F34-383ABA6F632F}.Debug|Any CPU.Build.0 = Debug|Any CPU
		{37CE6DAA-18F6-411D-8F34-383ABA6F632F}.Release|Any CPU.ActiveCfg = Release|Any CPU
		{37CE6DAA-18F6-411D-8F34-383ABA6F632F}.Release|Any CPU.Build.0 = Release|Any CPU
	EndGlobalSection
	GlobalSection(SolutionProperties) = preSolution
		HideSolutionNode = FALSE
	EndGlobalSection
	GlobalSection(ExtensibilityGlobals) = postSolution
		SolutionGuid = {64704C93-617F-4311-B18B-11D0620459F2}
	EndGlobalSection
EndGlobal
